
Microsoft Visual Studio Solution File, Format Version 12.00
# Visual Studio Version 17
VisualStudioVersion = 17.8.34322.80
MinimumVisualStudioVersion = 10.0.40219.1
Project("{FAE04EC0-301F-11D3-BF4B-00C04F79EFBC}") = "GXpert.Web", "GXpert\GXpert.Web\GXpert.Web.csproj", "{0D82E34E-D097-453D-9953-35F167C68DF6}"
EndProject
Global
	GlobalSection(SolutionConfigurationPlatforms) = preSolution
		Debug|Any CPU = Debug|Any CPU
		Release|Any CPU = Release|Any CPU
	EndGlobalSection
	GlobalSection(ProjectConfigurationPlatforms) = postSolution
		{0D82E34E-D097-453D-9953-35F167C68DF6}.Debug|Any CPU.ActiveCfg = Debug|Any CPU
		{0D82E34E-D097-453D-9953-35F167C68DF6}.Debug|Any CPU.Build.0 = Debug|Any CPU
		{0D82E34E-D097-453D-9953-35F167C68DF6}.Release|Any CPU.ActiveCfg = Release|Any CPU
		{0D82E34E-D097-453D-9953-35F167C68DF6}.Release|Any CPU.Build.0 = Release|Any CPU
	EndGlobalSection
	GlobalSection(SolutionProperties) = preSolution
		HideSolutionNode = FALSE
	EndGlobalSection
	GlobalSection(ExtensibilityGlobals) = postSolution
		SolutionGuid = {30833738-141D-49F1-8B46-19A3165070F6}
	EndGlobalSection
EndGlobal
